// !$*UTF8*$!
{
	archiveVersion = 1;
	classes = {
	};
	objectVersion = 46;
	objects = {

/* Begin PBXBuildFile section */
		281D34BD1483C98D0032635F /* AdventureViewController.m in Sources */ = {isa = PBXBuildFile; fileRef = 281D34AF1483C98D0032635F /* AdventureViewController.m */; };
		281D34BE1483C98D0032635F /* ItemDialogController.m in Sources */ = {isa = PBXBuildFile; fileRef = 281D34B11483C98D0032635F /* ItemDialogController.m */; };
		281D34BF1483C98D0032635F /* WorldMapViewController.m in Sources */ = {isa = PBXBuildFile; fileRef = 281D34B31483C98D0032635F /* WorldMapViewController.m */; };
		281D34E81483CB300032635F /* adventure_panel.png in Resources */ = {isa = PBXBuildFile; fileRef = 281D34E01483CB300032635F /* adventure_panel.png */; };
		281D34E91483CB300032635F /* banner.png in Resources */ = {isa = PBXBuildFile; fileRef = 281D34E11483CB300032635F /* banner.png */; };
		281D34EA1483CB300032635F /* item1.png in Resources */ = {isa = PBXBuildFile; fileRef = 281D34E21483CB300032635F /* item1.png */; };
		281D34EB1483CB300032635F /* map.png in Resources */ = {isa = PBXBuildFile; fileRef = 281D34E31483CB300032635F /* map.png */; };
		281D34EC1483CB300032635F /* slots.png in Resources */ = {isa = PBXBuildFile; fileRef = 281D34E41483CB300032635F /* slots.png */; };
		281D34ED1483CB300032635F /* ItemDetailView.xib in Resources */ = {isa = PBXBuildFile; fileRef = 281D34E61483CB300032635F /* ItemDetailView.xib */; };
		281D35051483CE480032635F /* MainStoryboard_iPhone.storyboard in Resources */ = {isa = PBXBuildFile; fileRef = 281D35041483CE480032635F /* MainStoryboard_iPhone.storyboard */; };
		29C496211480966D001821A6 /* UIKit.framework in Frameworks */ = {isa = PBXBuildFile; fileRef = 29C496201480966D001821A6 /* UIKit.framework */; };
		29C496231480966D001821A6 /* Foundation.framework in Frameworks */ = {isa = PBXBuildFile; fileRef = 29C496221480966D001821A6 /* Foundation.framework */; };
		29C496251480966D001821A6 /* CoreGraphics.framework in Frameworks */ = {isa = PBXBuildFile; fileRef = 29C496241480966D001821A6 /* CoreGraphics.framework */; };
		29C4962B1480966D001821A6 /* InfoPlist.strings in Resources */ = {isa = PBXBuildFile; fileRef = 29C496291480966D001821A6 /* InfoPlist.strings */; };
		29C4962D1480966D001821A6 /* main.m in Sources */ = {isa = PBXBuildFile; fileRef = 29C4962C1480966D001821A6 /* main.m */; };
		29C496311480966D001821A6 /* AppDelegate.m in Sources */ = {isa = PBXBuildFile; fileRef = 29C496301480966D001821A6 /* AppDelegate.m */; };
		29C496421480966D001821A6 /* SenTestingKit.framework in Frameworks */ = {isa = PBXBuildFile; fileRef = 29C496411480966D001821A6 /* SenTestingKit.framework */; };
		29C496431480966D001821A6 /* UIKit.framework in Frameworks */ = {isa = PBXBuildFile; fileRef = 29C496201480966D001821A6 /* UIKit.framework */; };
		29C496441480966D001821A6 /* Foundation.framework in Frameworks */ = {isa = PBXBuildFile; fileRef = 29C496221480966D001821A6 /* Foundation.framework */; };
		29C4964C1480966D001821A6 /* InfoPlist.strings in Resources */ = {isa = PBXBuildFile; fileRef = 29C4964A1480966D001821A6 /* InfoPlist.strings */; };
		29D3F3C6148128E000D30D56 /* TinyQuestTests.m in Sources */ = {isa = PBXBuildFile; fileRef = 29D3F3C5148128E000D30D56 /* TinyQuestTests.m */; };
/* End PBXBuildFile section */

/* Begin PBXContainerItemProxy section */
		29C496451480966D001821A6 /* PBXContainerItemProxy */ = {
			isa = PBXContainerItemProxy;
			containerPortal = 29C496131480966D001821A6 /* Project object */;
			proxyType = 1;
			remoteGlobalIDString = 29C4961B1480966D001821A6;
			remoteInfo = TInyQuest;
		};
/* End PBXContainerItemProxy section */

/* Begin PBXFileReference section */
		281D34AE1483C98D0032635F /* AdventureViewController.h */ = {isa = PBXFileReference; fileEncoding = 4; lastKnownFileType = sourcecode.c.h; path = AdventureViewController.h; sourceTree = "<group>"; };
		281D34AF1483C98D0032635F /* AdventureViewController.m */ = {isa = PBXFileReference; fileEncoding = 4; lastKnownFileType = sourcecode.c.objc; path = AdventureViewController.m; sourceTree = "<group>"; };
		281D34B01483C98D0032635F /* ItemDialogController.h */ = {isa = PBXFileReference; fileEncoding = 4; lastKnownFileType = sourcecode.c.h; path = ItemDialogController.h; sourceTree = "<group>"; };
		281D34B11483C98D0032635F /* ItemDialogController.m */ = {isa = PBXFileReference; fileEncoding = 4; lastKnownFileType = sourcecode.c.objc; path = ItemDialogController.m; sourceTree = "<group>"; };
		281D34B21483C98D0032635F /* WorldMapViewController.h */ = {isa = PBXFileReference; fileEncoding = 4; lastKnownFileType = sourcecode.c.h; path = WorldMapViewController.h; sourceTree = "<group>"; };
		281D34B31483C98D0032635F /* WorldMapViewController.m */ = {isa = PBXFileReference; fileEncoding = 4; lastKnownFileType = sourcecode.c.objc; path = WorldMapViewController.m; sourceTree = "<group>"; };
		281D34E01483CB300032635F /* adventure_panel.png */ = {isa = PBXFileReference; lastKnownFileType = image.png; path = adventure_panel.png; sourceTree = "<group>"; };
		281D34E11483CB300032635F /* banner.png */ = {isa = PBXFileReference; lastKnownFileType = image.png; path = banner.png; sourceTree = "<group>"; };
		281D34E21483CB300032635F /* item1.png */ = {isa = PBXFileReference; lastKnownFileType = image.png; path = item1.png; sourceTree = "<group>"; };
		281D34E31483CB300032635F /* map.png */ = {isa = PBXFileReference; lastKnownFileType = image.png; path = map.png; sourceTree = "<group>"; };
		281D34E41483CB300032635F /* slots.png */ = {isa = PBXFileReference; lastKnownFileType = image.png; path = slots.png; sourceTree = "<group>"; };
		281D34E61483CB300032635F /* ItemDetailView.xib */ = {isa = PBXFileReference; fileEncoding = 4; lastKnownFileType = file.xib; path = ItemDetailView.xib; sourceTree = "<group>"; };
		281D35041483CE480032635F /* MainStoryboard_iPhone.storyboard */ = {isa = PBXFileReference; fileEncoding = 4; lastKnownFileType = file.storyboard; path = MainStoryboard_iPhone.storyboard; sourceTree = "<group>"; };
		29C4961C1480966D001821A6 /* TInyQuest.app */ = {isa = PBXFileReference; explicitFileType = wrapper.application; includeInIndex = 0; path = TInyQuest.app; sourceTree = BUILT_PRODUCTS_DIR; };
		29C496201480966D001821A6 /* UIKit.framework */ = {isa = PBXFileReference; lastKnownFileType = wrapper.framework; name = UIKit.framework; path = System/Library/Frameworks/UIKit.framework; sourceTree = SDKROOT; };
		29C496221480966D001821A6 /* Foundation.framework */ = {isa = PBXFileReference; lastKnownFileType = wrapper.framework; name = Foundation.framework; path = System/Library/Frameworks/Foundation.framework; sourceTree = SDKROOT; };
		29C496241480966D001821A6 /* CoreGraphics.framework */ = {isa = PBXFileReference; lastKnownFileType = wrapper.framework; name = CoreGraphics.framework; path = System/Library/Frameworks/CoreGraphics.framework; sourceTree = SDKROOT; };
		29C496281480966D001821A6 /* TInyQuest-Info.plist */ = {isa = PBXFileReference; lastKnownFileType = text.plist.xml; path = "TInyQuest-Info.plist"; sourceTree = "<group>"; };
		29C4962A1480966D001821A6 /* en */ = {isa = PBXFileReference; lastKnownFileType = text.plist.strings; name = en; path = en.lproj/InfoPlist.strings; sourceTree = "<group>"; };
		29C4962C1480966D001821A6 /* main.m */ = {isa = PBXFileReference; lastKnownFileType = sourcecode.c.objc; path = main.m; sourceTree = "<group>"; };
		29C4962E1480966D001821A6 /* TInyQuest-Prefix.pch */ = {isa = PBXFileReference; lastKnownFileType = sourcecode.c.h; path = "TInyQuest-Prefix.pch"; sourceTree = "<group>"; };
		29C4962F1480966D001821A6 /* AppDelegate.h */ = {isa = PBXFileReference; lastKnownFileType = sourcecode.c.h; path = AppDelegate.h; sourceTree = "<group>"; };
		29C496301480966D001821A6 /* AppDelegate.m */ = {isa = PBXFileReference; lastKnownFileType = sourcecode.c.objc; path = AppDelegate.m; sourceTree = "<group>"; };
		29C496401480966D001821A6 /* TInyQuestTests.octest */ = {isa = PBXFileReference; explicitFileType = wrapper.cfbundle; includeInIndex = 0; path = TInyQuestTests.octest; sourceTree = BUILT_PRODUCTS_DIR; };
		29C496411480966D001821A6 /* SenTestingKit.framework */ = {isa = PBXFileReference; lastKnownFileType = wrapper.framework; name = SenTestingKit.framework; path = Library/Frameworks/SenTestingKit.framework; sourceTree = DEVELOPER_DIR; };
		29C496491480966D001821A6 /* TInyQuestTests-Info.plist */ = {isa = PBXFileReference; lastKnownFileType = text.plist.xml; path = "TInyQuestTests-Info.plist"; sourceTree = "<group>"; };
		29C4964B1480966D001821A6 /* en */ = {isa = PBXFileReference; lastKnownFileType = text.plist.strings; name = en; path = en.lproj/InfoPlist.strings; sourceTree = "<group>"; };
		29D3F3C4148128E000D30D56 /* TinyQuestTests.h */ = {isa = PBXFileReference; fileEncoding = 4; lastKnownFileType = sourcecode.c.h; name = TinyQuestTests.h; path = TinyQuestTests/TinyQuestTests.h; sourceTree = SOURCE_ROOT; };
		29D3F3C5148128E000D30D56 /* TinyQuestTests.m */ = {isa = PBXFileReference; fileEncoding = 4; lastKnownFileType = sourcecode.c.objc; name = TinyQuestTests.m; path = TinyQuestTests/TinyQuestTests.m; sourceTree = SOURCE_ROOT; };
/* End PBXFileReference section */

/* Begin PBXFrameworksBuildPhase section */
		29C496191480966D001821A6 /* Frameworks */ = {
			isa = PBXFrameworksBuildPhase;
			buildActionMask = 2147483647;
			files = (
				29C496211480966D001821A6 /* UIKit.framework in Frameworks */,
				29C496231480966D001821A6 /* Foundation.framework in Frameworks */,
				29C496251480966D001821A6 /* CoreGraphics.framework in Frameworks */,
			);
			runOnlyForDeploymentPostprocessing = 0;
		};
		29C4963C1480966D001821A6 /* Frameworks */ = {
			isa = PBXFrameworksBuildPhase;
			buildActionMask = 2147483647;
			files = (
				29C496421480966D001821A6 /* SenTestingKit.framework in Frameworks */,
				29C496431480966D001821A6 /* UIKit.framework in Frameworks */,
				29C496441480966D001821A6 /* Foundation.framework in Frameworks */,
			);
			runOnlyForDeploymentPostprocessing = 0;
		};
/* End PBXFrameworksBuildPhase section */

/* Begin PBXGroup section */
		281D34AD1483C98D0032635F /* ViewControllers */ = {
			isa = PBXGroup;
			children = (
				281D34AE1483C98D0032635F /* AdventureViewController.h */,
				281D34AF1483C98D0032635F /* AdventureViewController.m */,
				281D34B01483C98D0032635F /* ItemDialogController.h */,
				281D34B11483C98D0032635F /* ItemDialogController.m */,
				281D34B21483C98D0032635F /* WorldMapViewController.h */,
				281D34B31483C98D0032635F /* WorldMapViewController.m */,
			);
			name = ViewControllers;
			path = TinyQuest/ViewControllers;
			sourceTree = SOURCE_ROOT;
		};
		281D34DE1483CB300032635F /* Resource */ = {
			isa = PBXGroup;
			children = (
				281D34DF1483CB300032635F /* Images */,
				281D34E51483CB300032635F /* Xib */,
			);
			name = Resource;
			path = TinyQuest/Resource;
			sourceTree = SOURCE_ROOT;
		};
		281D34DF1483CB300032635F /* Images */ = {
			isa = PBXGroup;
			children = (
				281D34E01483CB300032635F /* adventure_panel.png */,
				281D34E11483CB300032635F /* banner.png */,
				281D34E21483CB300032635F /* item1.png */,
				281D34E31483CB300032635F /* map.png */,
				281D34E41483CB300032635F /* slots.png */,
			);
			path = Images;
			sourceTree = "<group>";
		};
		281D34E51483CB300032635F /* Xib */ = {
			isa = PBXGroup;
			children = (
				281D35041483CE480032635F /* MainStoryboard_iPhone.storyboard */,
				281D34E61483CB300032635F /* ItemDetailView.xib */,
			);
			path = Xib;
			sourceTree = "<group>";
		};
		281D34EF1483CB8E0032635F /* Models */ = {
			isa = PBXGroup;
			children = (
			);
			name = Models;
			path = TinyQuest/Models;
			sourceTree = SOURCE_ROOT;
		};
		29C496111480966D001821A6 = {
			isa = PBXGroup;
			children = (
				29C496261480966D001821A6 /* TinyQuest */,
				29C496471480966D001821A6 /* TinyQuestTests */,
				29C4961F1480966D001821A6 /* Frameworks */,
				29C4961D1480966D001821A6 /* Products */,
			);
			sourceTree = "<group>";
		};
		29C4961D1480966D001821A6 /* Products */ = {
			isa = PBXGroup;
			children = (
				29C4961C1480966D001821A6 /* TInyQuest.app */,
				29C496401480966D001821A6 /* TInyQuestTests.octest */,
			);
			name = Products;
			sourceTree = "<group>";
		};
		29C4961F1480966D001821A6 /* Frameworks */ = {
			isa = PBXGroup;
			children = (
				29C496201480966D001821A6 /* UIKit.framework */,
				29C496221480966D001821A6 /* Foundation.framework */,
				29C496241480966D001821A6 /* CoreGraphics.framework */,
				29C496411480966D001821A6 /* SenTestingKit.framework */,
			);
			name = Frameworks;
			sourceTree = "<group>";
		};
		29C496261480966D001821A6 /* TinyQuest */ = {
			isa = PBXGroup;
			children = (
				281D34EF1483CB8E0032635F /* Models */,
				281D34DE1483CB300032635F /* Resource */,
				281D34AD1483C98D0032635F /* ViewControllers */,
				29C4962F1480966D001821A6 /* AppDelegate.h */,
				29C496301480966D001821A6 /* AppDelegate.m */,
				29C496271480966D001821A6 /* Supporting Files */,
			);
			name = TinyQuest;
			path = TInyQuest;
			sourceTree = "<group>";
		};
		29C496271480966D001821A6 /* Supporting Files */ = {
			isa = PBXGroup;
			children = (
				29C496281480966D001821A6 /* TInyQuest-Info.plist */,
				29C496291480966D001821A6 /* InfoPlist.strings */,
				29C4962C1480966D001821A6 /* main.m */,
				29C4962E1480966D001821A6 /* TInyQuest-Prefix.pch */,
			);
			name = "Supporting Files";
			sourceTree = "<group>";
		};
		29C496471480966D001821A6 /* TinyQuestTests */ = {
			isa = PBXGroup;
			children = (
				29D3F3C4148128E000D30D56 /* TinyQuestTests.h */,
				29D3F3C5148128E000D30D56 /* TinyQuestTests.m */,
				29C496481480966D001821A6 /* Supporting Files */,
			);
			name = TinyQuestTests;
			path = TInyQuestTests;
			sourceTree = "<group>";
		};
		29C496481480966D001821A6 /* Supporting Files */ = {
			isa = PBXGroup;
			children = (
				29C496491480966D001821A6 /* TInyQuestTests-Info.plist */,
				29C4964A1480966D001821A6 /* InfoPlist.strings */,
			);
			name = "Supporting Files";
			sourceTree = "<group>";
		};
/* End PBXGroup section */

/* Begin PBXNativeTarget section */
		29C4961B1480966D001821A6 /* TInyQuest */ = {
			isa = PBXNativeTarget;
			buildConfigurationList = 29C496521480966D001821A6 /* Build configuration list for PBXNativeTarget "TInyQuest" */;
			buildPhases = (
				29C496181480966D001821A6 /* Sources */,
				29C496191480966D001821A6 /* Frameworks */,
				29C4961A1480966D001821A6 /* Resources */,
			);
			buildRules = (
			);
			dependencies = (
			);
			name = TInyQuest;
			productName = TInyQuest;
			productReference = 29C4961C1480966D001821A6 /* TInyQuest.app */;
			productType = "com.apple.product-type.application";
		};
		29C4963F1480966D001821A6 /* TInyQuestTests */ = {
			isa = PBXNativeTarget;
			buildConfigurationList = 29C496551480966D001821A6 /* Build configuration list for PBXNativeTarget "TInyQuestTests" */;
			buildPhases = (
				29C4963B1480966D001821A6 /* Sources */,
				29C4963C1480966D001821A6 /* Frameworks */,
				29C4963D1480966D001821A6 /* Resources */,
				29C4963E1480966D001821A6 /* ShellScript */,
			);
			buildRules = (
			);
			dependencies = (
				29C496461480966D001821A6 /* PBXTargetDependency */,
			);
			name = TInyQuestTests;
			productName = TInyQuestTests;
			productReference = 29C496401480966D001821A6 /* TInyQuestTests.octest */;
			productType = "com.apple.product-type.bundle";
		};
/* End PBXNativeTarget section */

/* Begin PBXProject section */
		29C496131480966D001821A6 /* Project object */ = {
			isa = PBXProject;
			attributes = {
				LastUpgradeCheck = 0420;
			};
			buildConfigurationList = 29C496161480966D001821A6 /* Build configuration list for PBXProject "TinyQuest" */;
			compatibilityVersion = "Xcode 3.2";
			developmentRegion = English;
			hasScannedForEncodings = 0;
			knownRegions = (
				en,
			);
			mainGroup = 29C496111480966D001821A6;
			productRefGroup = 29C4961D1480966D001821A6 /* Products */;
			projectDirPath = "";
			projectRoot = "";
			targets = (
				29C4961B1480966D001821A6 /* TInyQuest */,
				29C4963F1480966D001821A6 /* TInyQuestTests */,
			);
		};
/* End PBXProject section */

/* Begin PBXResourcesBuildPhase section */
		29C4961A1480966D001821A6 /* Resources */ = {
			isa = PBXResourcesBuildPhase;
			buildActionMask = 2147483647;
			files = (
				29C4962B1480966D001821A6 /* InfoPlist.strings in Resources */,
				281D34E81483CB300032635F /* adventure_panel.png in Resources */,
				281D34E91483CB300032635F /* banner.png in Resources */,
				281D34EA1483CB300032635F /* item1.png in Resources */,
				281D34EB1483CB300032635F /* map.png in Resources */,
				281D34EC1483CB300032635F /* slots.png in Resources */,
				281D34ED1483CB300032635F /* ItemDetailView.xib in Resources */,
				281D35051483CE480032635F /* MainStoryboard_iPhone.storyboard in Resources */,
			);
			runOnlyForDeploymentPostprocessing = 0;
		};
		29C4963D1480966D001821A6 /* Resources */ = {
			isa = PBXResourcesBuildPhase;
			buildActionMask = 2147483647;
			files = (
				29C4964C1480966D001821A6 /* InfoPlist.strings in Resources */,
			);
			runOnlyForDeploymentPostprocessing = 0;
		};
/* End PBXResourcesBuildPhase section */

/* Begin PBXShellScriptBuildPhase section */
		29C4963E1480966D001821A6 /* ShellScript */ = {
			isa = PBXShellScriptBuildPhase;
			buildActionMask = 2147483647;
			files = (
			);
			inputPaths = (
			);
			outputPaths = (
			);
			runOnlyForDeploymentPostprocessing = 0;
			shellPath = /bin/sh;
			shellScript = "# Run the unit tests in this test bundle.\n\"${SYSTEM_DEVELOPER_DIR}/Tools/RunUnitTests\"\n";
		};
/* End PBXShellScriptBuildPhase section */

/* Begin PBXSourcesBuildPhase section */
		29C496181480966D001821A6 /* Sources */ = {
			isa = PBXSourcesBuildPhase;
			buildActionMask = 2147483647;
			files = (
				29C4962D1480966D001821A6 /* main.m in Sources */,
				29C496311480966D001821A6 /* AppDelegate.m in Sources */,
				281D34BD1483C98D0032635F /* AdventureViewController.m in Sources */,
				281D34BE1483C98D0032635F /* ItemDialogController.m in Sources */,
				281D34BF1483C98D0032635F /* WorldMapViewController.m in Sources */,
			);
			runOnlyForDeploymentPostprocessing = 0;
		};
		29C4963B1480966D001821A6 /* Sources */ = {
			isa = PBXSourcesBuildPhase;
			buildActionMask = 2147483647;
			files = (
				29D3F3C6148128E000D30D56 /* TinyQuestTests.m in Sources */,
			);
			runOnlyForDeploymentPostprocessing = 0;
		};
/* End PBXSourcesBuildPhase section */

/* Begin PBXTargetDependency section */
		29C496461480966D001821A6 /* PBXTargetDependency */ = {
			isa = PBXTargetDependency;
			target = 29C4961B1480966D001821A6 /* TInyQuest */;
			targetProxy = 29C496451480966D001821A6 /* PBXContainerItemProxy */;
		};
/* End PBXTargetDependency section */

/* Begin PBXVariantGroup section */
		29C496291480966D001821A6 /* InfoPlist.strings */ = {
			isa = PBXVariantGroup;
			children = (
				29C4962A1480966D001821A6 /* en */,
			);
			name = InfoPlist.strings;
			sourceTree = "<group>";
		};
		29C4964A1480966D001821A6 /* InfoPlist.strings */ = {
			isa = PBXVariantGroup;
			children = (
				29C4964B1480966D001821A6 /* en */,
			);
			name = InfoPlist.strings;
			sourceTree = "<group>";
		};
/* End PBXVariantGroup section */

/* Begin XCBuildConfiguration section */
		29C496501480966D001821A6 /* Debug */ = {
			isa = XCBuildConfiguration;
			buildSettings = {
				ALWAYS_SEARCH_USER_PATHS = NO;
				ARCHS = "$(ARCHS_STANDARD_32_BIT)";
				CLANG_ENABLE_OBJC_ARC = YES;
				"CODE_SIGN_IDENTITY[sdk=iphoneos*]" = "iPhone Developer";
				COPY_PHASE_STRIP = NO;
				GCC_C_LANGUAGE_STANDARD = gnu99;
				GCC_DYNAMIC_NO_PIC = NO;
				GCC_OPTIMIZATION_LEVEL = 0;
				GCC_PREPROCESSOR_DEFINITIONS = (
					"DEBUG=1",
					"$(inherited)",
				);
				GCC_SYMBOLS_PRIVATE_EXTERN = NO;
				GCC_VERSION = com.apple.compilers.llvm.clang.1_0;
				GCC_WARN_ABOUT_MISSING_PROTOTYPES = YES;
				GCC_WARN_ABOUT_RETURN_TYPE = YES;
				GCC_WARN_UNUSED_VARIABLE = YES;
				IPHONEOS_DEPLOYMENT_TARGET = 5.0;
				SDKROOT = iphoneos;
				TARGETED_DEVICE_FAMILY = "1,2";
			};
			name = Debug;
		};
		29C496511480966D001821A6 /* Release */ = {
			isa = XCBuildConfiguration;
			buildSettings = {
				ALWAYS_SEARCH_USER_PATHS = NO;
				ARCHS = "$(ARCHS_STANDARD_32_BIT)";
				CLANG_ENABLE_OBJC_ARC = YES;
				"CODE_SIGN_IDENTITY[sdk=iphoneos*]" = "iPhone Developer";
				COPY_PHASE_STRIP = YES;
				GCC_C_LANGUAGE_STANDARD = gnu99;
				GCC_VERSION = com.apple.compilers.llvm.clang.1_0;
				GCC_WARN_ABOUT_MISSING_PROTOTYPES = YES;
				GCC_WARN_ABOUT_RETURN_TYPE = YES;
				GCC_WARN_UNUSED_VARIABLE = YES;
				IPHONEOS_DEPLOYMENT_TARGET = 5.0;
				OTHER_CFLAGS = "-DNS_BLOCK_ASSERTIONS=1";
				SDKROOT = iphoneos;
				TARGETED_DEVICE_FAMILY = "1,2";
				VALIDATE_PRODUCT = YES;
			};
			name = Release;
		};
		29C496531480966D001821A6 /* Debug */ = {
			isa = XCBuildConfiguration;
			buildSettings = {
				GCC_PRECOMPILE_PREFIX_HEADER = YES;
				GCC_PREFIX_HEADER = "TInyQuest/TInyQuest-Prefix.pch";
				INFOPLIST_FILE = "TInyQuest/TInyQuest-Info.plist";
				PRODUCT_NAME = "$(TARGET_NAME)";
				WRAPPER_EXTENSION = app;
			};
			name = Debug;
		};
		29C496541480966D001821A6 /* Release */ = {
			isa = XCBuildConfiguration;
			buildSettings = {
				GCC_PRECOMPILE_PREFIX_HEADER = YES;
				GCC_PREFIX_HEADER = "TInyQuest/TInyQuest-Prefix.pch";
				INFOPLIST_FILE = "TInyQuest/TInyQuest-Info.plist";
				PRODUCT_NAME = "$(TARGET_NAME)";
				WRAPPER_EXTENSION = app;
			};
			name = Release;
		};
		29C496561480966D001821A6 /* Debug */ = {
			isa = XCBuildConfiguration;
			buildSettings = {
				BUNDLE_LOADER = "$(BUILT_PRODUCTS_DIR)/TInyQuest.app/TInyQuest";
				FRAMEWORK_SEARCH_PATHS = (
					"$(SDKROOT)/Developer/Library/Frameworks",
					"$(DEVELOPER_LIBRARY_DIR)/Frameworks",
				);
				GCC_PRECOMPILE_PREFIX_HEADER = YES;
				GCC_PREFIX_HEADER = "TInyQuest/TInyQuest-Prefix.pch";
				INFOPLIST_FILE = "TInyQuestTests/TInyQuestTests-Info.plist";
				PRODUCT_NAME = "$(TARGET_NAME)";
				TEST_HOST = "$(BUNDLE_LOADER)";
				WRAPPER_EXTENSION = octest;
			};
			name = Debug;
		};
		29C496571480966D001821A6 /* Release */ = {
			isa = XCBuildConfiguration;
			buildSettings = {
				BUNDLE_LOADER = "$(BUILT_PRODUCTS_DIR)/TInyQuest.app/TInyQuest";
				FRAMEWORK_SEARCH_PATHS = (
					"$(SDKROOT)/Developer/Library/Frameworks",
					"$(DEVELOPER_LIBRARY_DIR)/Frameworks",
				);
				GCC_PRECOMPILE_PREFIX_HEADER = YES;
				GCC_PREFIX_HEADER = "TInyQuest/TInyQuest-Prefix.pch";
				INFOPLIST_FILE = "TInyQuestTests/TInyQuestTests-Info.plist";
				PRODUCT_NAME = "$(TARGET_NAME)";
				TEST_HOST = "$(BUNDLE_LOADER)";
				WRAPPER_EXTENSION = octest;
			};
			name = Release;
		};
/* End XCBuildConfiguration section */

/* Begin XCConfigurationList section */
		29C496161480966D001821A6 /* Build configuration list for PBXProject "TinyQuest" */ = {
			isa = XCConfigurationList;
			buildConfigurations = (
				29C496501480966D001821A6 /* Debug */,
				29C496511480966D001821A6 /* Release */,
			);
			defaultConfigurationIsVisible = 0;
			defaultConfigurationName = Release;
		};
		29C496521480966D001821A6 /* Build configuration list for PBXNativeTarget "TInyQuest" */ = {
			isa = XCConfigurationList;
			buildConfigurations = (
				29C496531480966D001821A6 /* Debug */,
				29C496541480966D001821A6 /* Release */,
			);
			defaultConfigurationIsVisible = 0;
			defaultConfigurationName = Release;
		};
		29C496551480966D001821A6 /* Build configuration list for PBXNativeTarget "TInyQuestTests" */ = {
			isa = XCConfigurationList;
			buildConfigurations = (
				29C496561480966D001821A6 /* Debug */,
				29C496571480966D001821A6 /* Release */,
			);
			defaultConfigurationIsVisible = 0;
			defaultConfigurationName = Release;
		};
/* End XCConfigurationList section */
	};
	rootObject = 29C496131480966D001821A6 /* Project object */;
}
